// !$*UTF8*$!
{
	archiveVersion = 1;
	classes = {
	};
	objectVersion = 46;
	objects = {

/* Begin PBXBuildFile section */
		7F0B462F1F446EFF009F8F13 /* AppDelegate.swift in Sources */ = {isa = PBXBuildFile; fileRef = 7F0B462E1F446EFF009F8F13 /* AppDelegate.swift */; };
		7F0B46311F446EFF009F8F13 /* CalculatorViewController.swift in Sources */ = {isa = PBXBuildFile; fileRef = 7F0B46301F446EFF009F8F13 /* CalculatorViewController.swift */; };
		7F0B46341F446EFF009F8F13 /* Main.storyboard in Resources */ = {isa = PBXBuildFile; fileRef = 7F0B46321F446EFF009F8F13 /* Main.storyboard */; };
		7F0B46361F446EFF009F8F13 /* Assets.xcassets in Resources */ = {isa = PBXBuildFile; fileRef = 7F0B46351F446EFF009F8F13 /* Assets.xcassets */; };
		7F0B46391F446EFF009F8F13 /* LaunchScreen.storyboard in Resources */ = {isa = PBXBuildFile; fileRef = 7F0B46371F446EFF009F8F13 /* LaunchScreen.storyboard */; };
		7F16FA741F4493B100AAACC6 /* Minecraft.ttf in Resources */ = {isa = PBXBuildFile; fileRef = 7F16FA731F4493B100AAACC6 /* Minecraft.ttf */; };
		7F16FA761F44958500AAACC6 /* btn.wav in Resources */ = {isa = PBXBuildFile; fileRef = 7F16FA751F44958500AAACC6 /* btn.wav */; };
/* End PBXBuildFile section */

/* Begin PBXFileReference section */
		7F0B462B1F446EFF009F8F13 /* RetroCalculator.app */ = {isa = PBXFileReference; explicitFileType = wrapper.application; includeInIndex = 0; path = RetroCalculator.app; sourceTree = BUILT_PRODUCTS_DIR; };
		7F0B462E1F446EFF009F8F13 /* AppDelegate.swift */ = {isa = PBXFileReference; lastKnownFileType = sourcecode.swift; path = AppDelegate.swift; sourceTree = "<group>"; };
		7F0B46301F446EFF009F8F13 /* CalculatorViewController.swift */ = {isa = PBXFileReference; lastKnownFileType = sourcecode.swift; path = CalculatorViewController.swift; sourceTree = "<group>"; };
		7F0B46331F446EFF009F8F13 /* Base */ = {isa = PBXFileReference; lastKnownFileType = file.storyboard; name = Base; path = Base.lproj/Main.storyboard; sourceTree = "<group>"; };
		7F0B46351F446EFF009F8F13 /* Assets.xcassets */ = {isa = PBXFileReference; lastKnownFileType = folder.assetcatalog; path = Assets.xcassets; sourceTree = "<group>"; };
		7F0B46381F446EFF009F8F13 /* Base */ = {isa = PBXFileReference; lastKnownFileType = file.storyboard; name = Base; path = Base.lproj/LaunchScreen.storyboard; sourceTree = "<group>"; };
		7F0B463A1F446EFF009F8F13 /* Info.plist */ = {isa = PBXFileReference; lastKnownFileType = text.plist.xml; path = Info.plist; sourceTree = "<group>"; };
		7F16FA731F4493B100AAACC6 /* Minecraft.ttf */ = {isa = PBXFileReference; lastKnownFileType = file; path = Minecraft.ttf; sourceTree = "<group>"; };
		7F16FA751F44958500AAACC6 /* btn.wav */ = {isa = PBXFileReference; lastKnownFileType = audio.wav; path = btn.wav; sourceTree = "<group>"; };
/* End PBXFileReference section */

/* Begin PBXFrameworksBuildPhase section */
		7F0B46281F446EFF009F8F13 /* Frameworks */ = {
			isa = PBXFrameworksBuildPhase;
			buildActionMask = 2147483647;
			files = (
			);
			runOnlyForDeploymentPostprocessing = 0;
		};
/* End PBXFrameworksBuildPhase section */

/* Begin PBXGroup section */
		7F0B46221F446EFF009F8F13 = {
			isa = PBXGroup;
			children = (
				7F0B462D1F446EFF009F8F13 /* RetroCalculator */,
				7F0B462C1F446EFF009F8F13 /* Products */,
			);
			sourceTree = "<group>";
		};
		7F0B462C1F446EFF009F8F13 /* Products */ = {
			isa = PBXGroup;
			children = (
				7F0B462B1F446EFF009F8F13 /* RetroCalculator.app */,
			);
			name = Products;
			sourceTree = "<group>";
		};
		7F0B462D1F446EFF009F8F13 /* RetroCalculator */ = {
			isa = PBXGroup;
			children = (
				7F16FA731F4493B100AAACC6 /* Minecraft.ttf */,
				7F16FA751F44958500AAACC6 /* btn.wav */,
				7F0B462E1F446EFF009F8F13 /* AppDelegate.swift */,
				7F0B46301F446EFF009F8F13 /* CalculatorViewController.swift */,
				7F0B46321F446EFF009F8F13 /* Main.storyboard */,
				7F0B46351F446EFF009F8F13 /* Assets.xcassets */,
				7F0B46371F446EFF009F8F13 /* LaunchScreen.storyboard */,
				7F0B463A1F446EFF009F8F13 /* Info.plist */,
			);
			path = RetroCalculator;
			sourceTree = "<group>";
		};
/* End PBXGroup section */

/* Begin PBXNativeTarget section */
		7F0B462A1F446EFF009F8F13 /* RetroCalculator */ = {
			isa = PBXNativeTarget;
			buildConfigurationList = 7F0B463D1F446EFF009F8F13 /* Build configuration list for PBXNativeTarget "RetroCalculator" */;
			buildPhases = (
				7F0B46271F446EFF009F8F13 /* Sources */,
				7F0B46281F446EFF009F8F13 /* Frameworks */,
				7F0B46291F446EFF009F8F13 /* Resources */,
			);
			buildRules = (
			);
			dependencies = (
			);
			name = RetroCalculator;
			productName = RetroCalculator;
			productReference = 7F0B462B1F446EFF009F8F13 /* RetroCalculator.app */;
			productType = "com.apple.product-type.application";
		};
/* End PBXNativeTarget section */

/* Begin PBXProject section */
		7F0B46231F446EFF009F8F13 /* Project object */ = {
			isa = PBXProject;
			attributes = {
				LastSwiftUpdateCheck = 0800;
				LastUpgradeCheck = 0830;
				ORGANIZATIONNAME = "Locust Redemption";
				TargetAttributes = {
					7F0B462A1F446EFF009F8F13 = {
						CreatedOnToolsVersion = 8.0;
						DevelopmentTeam = A7AT4UCQAQ;
						ProvisioningStyle = Automatic;
					};
				};
			};
			buildConfigurationList = 7F0B46261F446EFF009F8F13 /* Build configuration list for PBXProject "RetroCalculator" */;
			compatibilityVersion = "Xcode 3.2";
			developmentRegion = English;
			hasScannedForEncodings = 0;
			knownRegions = (
				en,
				Base,
			);
			mainGroup = 7F0B46221F446EFF009F8F13;
			productRefGroup = 7F0B462C1F446EFF009F8F13 /* Products */;
			projectDirPath = "";
			projectRoot = "";
			targets = (
				7F0B462A1F446EFF009F8F13 /* RetroCalculator */,
			);
		};
/* End PBXProject section */

/* Begin PBXResourcesBuildPhase section */
		7F0B46291F446EFF009F8F13 /* Resources */ = {
			isa = PBXResourcesBuildPhase;
			buildActionMask = 2147483647;
			files = (
				7F16FA761F44958500AAACC6 /* btn.wav in Resources */,
				7F0B46391F446EFF009F8F13 /* LaunchScreen.storyboard in Resources */,
				7F0B46361F446EFF009F8F13 /* Assets.xcassets in Resources */,
				7F16FA741F4493B100AAACC6 /* Minecraft.ttf in Resources */,
				7F0B46341F446EFF009F8F13 /* Main.storyboard in Resources */,
			);
			runOnlyForDeploymentPostprocessing = 0;
		};
/* End PBXResourcesBuildPhase section */

/* Begin PBXSourcesBuildPhase section */
		7F0B46271F446EFF009F8F13 /* Sources */ = {
			isa = PBXSourcesBuildPhase;
			buildActionMask = 2147483647;
			files = (
				7F0B46311F446EFF009F8F13 /* CalculatorViewController.swift in Sources */,
				7F0B462F1F446EFF009F8F13 /* AppDelegate.swift in Sources */,
			);
			runOnlyForDeploymentPostprocessing = 0;
		};
/* End PBXSourcesBuildPhase section */

/* Begin PBXVariantGroup section */
		7F0B46321F446EFF009F8F13 /* Main.storyboard */ = {
			isa = PBXVariantGroup;
			children = (
				7F0B46331F446EFF009F8F13 /* Base */,
			);
			name = Main.storyboard;
			sourceTree = "<group>";
		};
		7F0B46371F446EFF009F8F13 /* LaunchScreen.storyboard */ = {
			isa = PBXVariantGroup;
			children = (
				7F0B46381F446EFF009F8F13 /* Base */,
			);
			name = LaunchScreen.storyboard;
			sourceTree = "<group>";
		};
/* End PBXVariantGroup section */

/* Begin XCBuildConfiguration section */
		7F0B463B1F446EFF009F8F13 /* Debug */ = {
			isa = XCBuildConfiguration;
			buildSettings = {
				ALWAYS_SEARCH_USER_PATHS = NO;
				CLANG_ANALYZER_NONNULL = YES;
				CLANG_CXX_LANGUAGE_STANDARD = "gnu++0x";
				CLANG_CXX_LIBRARY = "libc++";
				CLANG_ENABLE_MODULES = YES;
				CLANG_ENABLE_OBJC_ARC = YES;
				CLANG_WARN_BOOL_CONVERSION = YES;
				CLANG_WARN_CONSTANT_CONVERSION = YES;
				CLANG_WARN_DIRECT_OBJC_ISA_USAGE = YES_ERROR;
				CLANG_WARN_DOCUMENTATION_COMMENTS = YES;
				CLANG_WARN_EMPTY_BODY = YES;
				CLANG_WARN_ENUM_CONVERSION = YES;
				CLANG_WARN_INFINITE_RECURSION = YES;
				CLANG_WARN_INT_CONVERSION = YES;
				CLANG_WARN_OBJC_ROOT_CLASS = YES_ERROR;
				CLANG_WARN_SUSPICIOUS_MOVE = YES;
				CLANG_WARN_SUSPICIOUS_MOVES = YES;
				CLANG_WARN_UNREACHABLE_CODE = YES;
				CLANG_WARN__DUPLICATE_METHOD_MATCH = YES;
				"CODE_SIGN_IDENTITY[sdk=iphoneos*]" = "iPhone Developer";
				COPY_PHASE_STRIP = NO;
				DEBUG_INFORMATION_FORMAT = dwarf;
				ENABLE_STRICT_OBJC_MSGSEND = YES;
				ENABLE_TESTABILITY = YES;
				GCC_C_LANGUAGE_STANDARD = gnu99;
				GCC_DYNAMIC_NO_PIC = NO;
				GCC_NO_COMMON_BLOCKS = YES;
				GCC_OPTIMIZATION_LEVEL = 0;
				GCC_PREPROCESSOR_DEFINITIONS = (
					"DEBUG=1",
					"$(inherited)",
				);
				GCC_WARN_64_TO_32_BIT_CONVERSION = YES;
				GCC_WARN_ABOUT_RETURN_TYPE = YES_ERROR;
				GCC_WARN_UNDECLARED_SELECTOR = YES;
				GCC_WARN_UNINITIALIZED_AUTOS = YES_AGGRESSIVE;
				GCC_WARN_UNUSED_FUNCTION = YES;
				GCC_WARN_UNUSED_VARIABLE = YES;
				IPHONEOS_DEPLOYMENT_TARGET = 10.0;
				MTL_ENABLE_DEBUG_INFO = YES;
				ONLY_ACTIVE_ARCH = YES;
				SDKROOT = iphoneos;
				SWIFT_ACTIVE_COMPILATION_CONDITIONS = DEBUG;
				SWIFT_OPTIMIZATION_LEVEL = "-Onone";
			};
			name = Debug;
		};
		7F0B463C1F446EFF009F8F13 /* Release */ = {
			isa = XCBuildConfiguration;
			buildSettings = {
				ALWAYS_SEARCH_USER_PATHS = NO;
				CLANG_ANALYZER_NONNULL = YES;
				CLANG_CXX_LANGUAGE_STANDARD = "gnu++0x";
				CLANG_CXX_LIBRARY = "libc++";
				CLANG_ENABLE_MODULES = YES;
				CLANG_ENABLE_OBJC_ARC = YES;
				CLANG_WARN_BOOL_CONVERSION = YES;
				CLANG_WARN_CONSTANT_CONVERSION = YES;
				CLANG_WARN_DIRECT_OBJC_ISA_USAGE = YES_ERROR;
				CLANG_WARN_DOCUMENTATION_COMMENTS = YES;
				CLANG_WARN_EMPTY_BODY = YES;
				CLANG_WARN_ENUM_CONVERSION = YES;
				CLANG_WARN_INFINITE_RECURSION = YES;
				CLANG_WARN_INT_CONVERSION = YES;
				CLANG_WARN_OBJC_ROOT_CLASS = YES_ERROR;
				CLANG_WARN_SUSPICIOUS_MOVE = YES;
				CLANG_WARN_SUSPICIOUS_MOVES = YES;
				CLANG_WARN_UNREACHABLE_CODE = YES;
				CLANG_WARN__DUPLICATE_METHOD_MATCH = YES;
				"CODE_SIGN_IDENTITY[sdk=iphoneos*]" = "iPhone Developer";
				COPY_PHASE_STRIP = NO;
				DEBUG_INFORMATION_FORMAT = "dwarf-with-dsym";
				ENABLE_NS_ASSERTIONS = NO;
				ENABLE_STRICT_OBJC_MSGSEND = YES;
				GCC_C_LANGUAGE_STANDARD = gnu99;
				GCC_NO_COMMON_BLOCKS = YES;
				GCC_WARN_64_TO_32_BIT_CONVERSION = YES;
				GCC_WARN_ABOUT_RETURN_TYPE = YES_ERROR;
				GCC_WARN_UNDECLARED_SELECTOR = YES;
				GCC_WARN_UNINITIALIZED_AUTOS = YES_AGGRESSIVE;
				GCC_WARN_UNUSED_FUNCTION = YES;
				GCC_WARN_UNUSED_VARIABLE = YES;
				IPHONEOS_DEPLOYMENT_TARGET = 10.0;
				MTL_ENABLE_DEBUG_INFO = NO;
				SDKROOT = iphoneos;
				SWIFT_OPTIMIZATION_LEVEL = "-Owholemodule";
				VALIDATE_PRODUCT = YES;
			};
			name = Release;
		};
		7F0B463E1F446EFF009F8F13 /* Debug */ = {
			isa = XCBuildConfiguration;
			buildSettings = {
				ASSETCATALOG_COMPILER_APPICON_NAME = AppIcon;
				DEVELOPMENT_TEAM = A7AT4UCQAQ;
				INFOPLIST_FILE = RetroCalculator/Info.plist;
				LD_RUNPATH_SEARCH_PATHS = "$(inherited) @executable_path/Frameworks";
				PRODUCT_BUNDLE_IDENTIFIER = com.locustredemption.RetroCalculator;
				PRODUCT_NAME = "$(TARGET_NAME)";
				SWIFT_VERSION = 3.0;
			};
			name = Debug;
		};
		7F0B463F1F446EFF009F8F13 /* Release */ = {
			isa = XCBuildConfiguration;
			buildSettings = {
				ASSETCATALOG_COMPILER_APPICON_NAME = AppIcon;
				DEVELOPMENT_TEAM = A7AT4UCQAQ;
				INFOPLIST_FILE = RetroCalculator/Info.plist;
				LD_RUNPATH_SEARCH_PATHS = "$(inherited) @executable_path/Frameworks";
				PRODUCT_BUNDLE_IDENTIFIER = com.locustredemption.RetroCalculator;
				PRODUCT_NAME = "$(TARGET_NAME)";
				SWIFT_VERSION = 3.0;
			};
			name = Release;
		};
/* End XCBuildConfiguration section */

/* Begin XCConfigurationList section */
		7F0B46261F446EFF009F8F13 /* Build configuration list for PBXProject "RetroCalculator" */ = {
			isa = XCConfigurationList;
			buildConfigurations = (
				7F0B463B1F446EFF009F8F13 /* Debug */,
				7F0B463C1F446EFF009F8F13 /* Release */,
			);
			defaultConfigurationIsVisible = 0;
			defaultConfigurationName = Release;
		};
		7F0B463D1F446EFF009F8F13 /* Build configuration list for PBXNativeTarget "RetroCalculator" */ = {
			isa = XCConfigurationList;
			buildConfigurations = (
				7F0B463E1F446EFF009F8F13 /* Debug */,
				7F0B463F1F446EFF009F8F13 /* Release */,
			);
			defaultConfigurationIsVisible = 0;
			defaultConfigurationName = Release;
		};
/* End XCConfigurationList section */
	};
	rootObject = 7F0B46231F446EFF009F8F13 /* Project object */;
}
